# THIS IS AN AUTOGENERATED FILE. DO NOT EDIT THIS FILE DIRECTLY.
# yarn lockfile v1


"@vant/weapp@^1.6.1":
  version "1.6.1"
  resolved "https://registry.yarnpkg.com/@vant/weapp/-/weapp-1.6.1.tgz#01c6f395c0a67f56b8caae36a551d268b1fe0605"
  integrity sha512-HkQHodqmSPB0bTILo5DnM/avkpeSBfQHo42kN4HJa504SCNIc2DoF0VrAl/CaZB+2DMrElnEnM+//vf5rENtNQ==

dayjs@^1.9.6:
  version "1.9.6"
  resolved "https://registry.yarnpkg.com/dayjs/-/dayjs-1.9.6.tgz#6f0c77d76ac1ff63720dd1197e5cb87b67943d70"
  integrity sha512-HngNLtPEBWRo8EFVmHFmSXAjtCX8rGNqeXQI0Gh7wCTSqwaKgPIDqu9m07wABVopNwzvOeCb+2711vQhDlcIXw==

jsbn@^1.1.0:
  version "1.1.0"
  resolved "https://registry.yarnpkg.com/jsbn/-/jsbn-1.1.0.tgz#b01307cb29b618a1ed26ec79e911f803c4da0040"
  integrity sha1-sBMHyym2GKHtJux56RH4A8TaAEA=

miniprogram-sm-crypto@^0.2.1:
  version "0.2.1"
  resolved "https://registry.yarnpkg.com/miniprogram-sm-crypto/-/miniprogram-sm-crypto-0.2.1.tgz#ea78175c84f4b018386aeb43a56619b26c376341"
  integrity sha512-ia2yxDK5W8XAmoK6/kv59l/RaNVOZisjkaNp5KtKO+dCW+gvVceI2v+kb7nJGIGeR4JcLNRSYC0/wG9mJQMqeA==
  dependencies:
    jsbn "^1.1.0"

miniprogram-table-component@^1.1.0:
  version "1.1.0"
  resolved "https://registry.yarnpkg.com/miniprogram-table-component/-/miniprogram-table-component-1.1.0.tgz#85f48dcf40fa00851496b3586a406d49f46f179f"
  integrity sha512-TRgo+2ouPqPI42EcXUM/5BndZAueWtk0v2tDmImujYPtmFWiQT/lmgL9TgUFWowfoFM5HsKrLqagIrMKXj9bRw==

wxa-plugin-canvas@^1.1.12:
  version "1.1.12"
  resolved "https://registry.yarnpkg.com/wxa-plugin-canvas/-/wxa-plugin-canvas-1.1.12.tgz#639a9857e4849ca6bac3552c96d5441beb9e28f6"
  integrity sha512-iMmGFjXYminWm/yni0n/MprSUReAQpIL9LWLsJfr0Na/pt4Chzs2VbLsEtflZx11qtrDcfM7+1eCgj1ju6TN4w==
